
Microsoft Visual Studio Solution File, Format Version 12.00
# Visual Studio Version 17
VisualStudioVersion = 17.1.32228.430
MinimumVisualStudioVersion = 10.0.40219.1
Project("{9A19103F-16F7-4668-BE54-9A1E7A4F7556}") = "Accounts", "Accounts.csproj", "{FF8D5094-559D-4BDA-87C0-1913E5193B9D}"
EndProject
Project("{9A19103F-16F7-4668-BE54-9A1E7A4F7556}") = "Accounts.Data", "Accounts.Data\Accounts.Data.csproj", "{850B7B79-35B0-4AB6-8648-39AC59E5AC4F}"
EndProject
Global
	GlobalSection(SolutionConfigurationPlatforms) = preSolution
		Debug|Any CPU = Debug|Any CPU
		Release|Any CPU = Release|Any CPU
	EndGlobalSection
	GlobalSection(ProjectConfigurationPlatforms) = postSolution
		{FF8D5094-559D-4BDA-87C0-1913E5193B9D}.Debug|Any CPU.ActiveCfg = Debug|Any CPU
		{FF8D5094-559D-4BDA-87C0-1913E5193B9D}.Debug|Any CPU.Build.0 = Debug|Any CPU
		{FF8D5094-559D-4BDA-87C0-1913E5193B9D}.Release|Any CPU.ActiveCfg = Release|Any CPU
		{FF8D5094-559D-4BDA-87C0-1913E5193B9D}.Release|Any CPU.Build.0 = Release|Any CPU
		{850B7B79-35B0-4AB6-8648-39AC59E5AC4F}.Debug|Any CPU.ActiveCfg = Debug|Any CPU
		{850B7B79-35B0-4AB6-8648-39AC59E5AC4F}.Debug|Any CPU.Build.0 = Debug|Any CPU
		{850B7B79-35B0-4AB6-8648-39AC59E5AC4F}.Release|Any CPU.ActiveCfg = Release|Any CPU
		{850B7B79-35B0-4AB6-8648-39AC59E5AC4F}.Release|Any CPU.Build.0 = Release|Any CPU
	EndGlobalSection
	GlobalSection(SolutionProperties) = preSolution
		HideSolutionNode = FALSE
	EndGlobalSection
	GlobalSection(ExtensibilityGlobals) = postSolution
		SolutionGuid = {EF061C42-040C-4980-BC39-5C449958C687}
	EndGlobalSection
EndGlobal
